
Microsoft Visual Studio Solution File, Format Version 12.00
# Visual Studio 15
VisualStudioVersion = 15.0.28307.779
MinimumVisualStudioVersion = 10.0.40219.1
Project("{FAE04EC0-301F-11D3-BF4B-00C04F79EFBC}") = "MyFirstService", "MyFirstService\MyFirstService.csproj", "{4DEE48A4-C2D9-4FA8-8684-4D0CE4CC7BC1}"
EndProject
Global
	GlobalSection(SolutionConfigurationPlatforms) = preSolution
		Debug|Any CPU = Debug|Any CPU
		Release|Any CPU = Release|Any CPU
	EndGlobalSection
	GlobalSection(ProjectConfigurationPlatforms) = postSolution
		{4DEE48A4-C2D9-4FA8-8684-4D0CE4CC7BC1}.Debug|Any CPU.ActiveCfg = Debug|Any CPU
		{4DEE48A4-C2D9-4FA8-8684-4D0CE4CC7BC1}.Debug|Any CPU.Build.0 = Debug|Any CPU
		{4DEE48A4-C2D9-4FA8-8684-4D0CE4CC7BC1}.Release|Any CPU.ActiveCfg = Release|Any CPU
		{4DEE48A4-C2D9-4FA8-8684-4D0CE4CC7BC1}.Release|Any CPU.Build.0 = Release|Any CPU
	EndGlobalSection
	GlobalSection(SolutionProperties) = preSolution
		HideSolutionNode = FALSE
	EndGlobalSection
	GlobalSection(ExtensibilityGlobals) = postSolution
		SolutionGuid = {CE41A4D9-1CD8-4064-987E-46F1852FCD9C}
	EndGlobalSection
EndGlobal
